
Microsoft Visual Studio Solution File, Format Version 10.00
# Visual Studio 2008
Project("{FAE04EC0-301F-11D3-BF4B-00C04F79EFBC}") = "PYNG-REST-Example", "PYNG-REST-Example\PYNG-REST-Example.csproj", "{E55EFBA3-13A3-4F5B-B3B6-3CF63CF3E989}"
EndProject
Global
	GlobalSection(SolutionConfigurationPlatforms) = preSolution
		Debug|Any CPU = Debug|Any CPU
		Release|Any CPU = Release|Any CPU
	EndGlobalSection
	GlobalSection(ProjectConfigurationPlatforms) = postSolution
		{E55EFBA3-13A3-4F5B-B3B6-3CF63CF3E989}.Debug|Any CPU.ActiveCfg = Debug|Any CPU
		{E55EFBA3-13A3-4F5B-B3B6-3CF63CF3E989}.Debug|Any CPU.Build.0 = Debug|Any CPU
		{E55EFBA3-13A3-4F5B-B3B6-3CF63CF3E989}.Release|Any CPU.ActiveCfg = Release|Any CPU
		{E55EFBA3-13A3-4F5B-B3B6-3CF63CF3E989}.Release|Any CPU.Build.0 = Release|Any CPU
	EndGlobalSection
	GlobalSection(SolutionProperties) = preSolution
		HideSolutionNode = FALSE
	EndGlobalSection
EndGlobal
